// !$*UTF8*$!
{
	archiveVersion = 1;
	classes = {
	};
	objectVersion = 55;
	objects = {

/* Begin PBXBuildFile section */
		3E3040EC60348C2134B20F74 /* libPods-Love Nature.a in Frameworks */ = {isa = PBXBuildFile; fileRef = 7067F4466D27515D507F6655 /* libPods-Love Nature.a */; };
		853DF5EC296AB3AE00ACD678 /* UserMainTableViewCell.m in Sources */ = {isa = PBXBuildFile; fileRef = 853DF5EB296AB3AE00ACD678 /* UserMainTableViewCell.m */; };
		853DF5F0296AC6B600ACD678 /* placeholderImage.jpg in Resources */ = {isa = PBXBuildFile; fileRef = 853DF5EF296AC6B600ACD678 /* placeholderImage.jpg */; };
		853DF5F3296AD08600ACD678 /* UserViewTableViewCell.m in Sources */ = {isa = PBXBuildFile; fileRef = 853DF5F2296AD08600ACD678 /* UserViewTableViewCell.m */; };
		853DF6842973D40A00ACD678 /* ShareCircleModel.m in Sources */ = {isa = PBXBuildFile; fileRef = 853DF6832973D40A00ACD678 /* ShareCircleModel.m */; };
		853DF6872973D42500ACD678 /* ShareCircleView.m in Sources */ = {isa = PBXBuildFile; fileRef = 853DF6862973D42500ACD678 /* ShareCircleView.m */; };
		853DF68A2973D43200ACD678 /* ShareCircleViewController.m in Sources */ = {isa = PBXBuildFile; fileRef = 853DF6892973D43200ACD678 /* ShareCircleViewController.m */; };
		853DF68E2973DB1300ACD678 /* ShareCricleCollectionViewCell.m in Sources */ = {isa = PBXBuildFile; fileRef = 853DF68D2973DB1300ACD678 /* ShareCricleCollectionViewCell.m */; };
		853DF6902973E8F400ACD678 /* sharePlaceImage.jpg in Resources */ = {isa = PBXBuildFile; fileRef = 853DF68F2973E8F400ACD678 /* sharePlaceImage.jpg */; };
		853DF6922973EB6400ACD678 /* molihua.jpeg in Resources */ = {isa = PBXBuildFile; fileRef = 853DF6912973EB6400ACD678 /* molihua.jpeg */; };
		853DF6952973FBF900ACD678 /* photograph.jpeg in Resources */ = {isa = PBXBuildFile; fileRef = 853DF6942973FBF900ACD678 /* photograph.jpeg */; };
		853DF69C297406B900ACD678 /* SearchView.m in Sources */ = {isa = PBXBuildFile; fileRef = 853DF69B297406B900ACD678 /* SearchView.m */; };
		853DF6A229740AF600ACD678 /* SearchViewController.m in Sources */ = {isa = PBXBuildFile; fileRef = 853DF6A129740AF600ACD678 /* SearchViewController.m */; };
		853DF6A429740DF500ACD678 /* guanbi.png in Resources */ = {isa = PBXBuildFile; fileRef = 853DF6A329740DF500ACD678 /* guanbi.png */; };
		858ED3E82966A20300020239 /* AppDelegate.m in Sources */ = {isa = PBXBuildFile; fileRef = 858ED3E72966A20300020239 /* AppDelegate.m */; };
		858ED3EB2966A20300020239 /* SceneDelegate.m in Sources */ = {isa = PBXBuildFile; fileRef = 858ED3EA2966A20300020239 /* SceneDelegate.m */; };
		858ED3F12966A20300020239 /* Main.storyboard in Resources */ = {isa = PBXBuildFile; fileRef = 858ED3EF2966A20300020239 /* Main.storyboard */; };
		858ED3F32966A20500020239 /* Assets.xcassets in Resources */ = {isa = PBXBuildFile; fileRef = 858ED3F22966A20500020239 /* Assets.xcassets */; };
		858ED3F62966A20500020239 /* LaunchScreen.storyboard in Resources */ = {isa = PBXBuildFile; fileRef = 858ED3F42966A20500020239 /* LaunchScreen.storyboard */; };
		858ED3F92966A20500020239 /* main.m in Sources */ = {isa = PBXBuildFile; fileRef = 858ED3F82966A20500020239 /* main.m */; };
		858ED4032966A20500020239 /* Love_NatureTests.m in Sources */ = {isa = PBXBuildFile; fileRef = 858ED4022966A20500020239 /* Love_NatureTests.m */; };
		858ED40D2966A20500020239 /* Love_NatureUITests.m in Sources */ = {isa = PBXBuildFile; fileRef = 858ED40C2966A20500020239 /* Love_NatureUITests.m */; };
		858ED40F2966A20500020239 /* Love_NatureUITestsLaunchTests.m in Sources */ = {isa = PBXBuildFile; fileRef = 858ED40E2966A20500020239 /* Love_NatureUITestsLaunchTests.m */; };
		858ED4242966BE6400020239 /* LoginViewController.m in Sources */ = {isa = PBXBuildFile; fileRef = 858ED4232966BE6400020239 /* LoginViewController.m */; };
		858ED4272966BE7700020239 /* LoginView.m in Sources */ = {isa = PBXBuildFile; fileRef = 858ED4262966BE7700020239 /* LoginView.m */; };
		858ED42D2966E27F00020239 /* LoginModel.m in Sources */ = {isa = PBXBuildFile; fileRef = 858ED42C2966E27F00020239 /* LoginModel.m */; };
		858ED4332968448000020239 /* EnrollModel.m in Sources */ = {isa = PBXBuildFile; fileRef = 858ED4322968448000020239 /* EnrollModel.m */; };
		858ED4362968449200020239 /* EnrollView.m in Sources */ = {isa = PBXBuildFile; fileRef = 858ED4352968449200020239 /* EnrollView.m */; };
		858ED43C29684DE800020239 /* EnrollViewController.m in Sources */ = {isa = PBXBuildFile; fileRef = 858ED43B29684DE800020239 /* EnrollViewController.m */; };
		858ED43F2968562B00020239 /* Manage.m in Sources */ = {isa = PBXBuildFile; fileRef = 858ED43E2968562B00020239 /* Manage.m */; };
		858ED44529685C7800020239 /* 31fanhui1-2.png in Resources */ = {isa = PBXBuildFile; fileRef = 858ED44429685C7800020239 /* 31fanhui1-2.png */; };
		858ED44D2969323800020239 /* LoginWithVerCodeView.m in Sources */ = {isa = PBXBuildFile; fileRef = 858ED44C2969323800020239 /* LoginWithVerCodeView.m */; };
		858ED4502969324F00020239 /* LoginWithVerCodeViewController.m in Sources */ = {isa = PBXBuildFile; fileRef = 858ED44F2969324F00020239 /* LoginWithVerCodeViewController.m */; };
		858ED45E296955ED00020239 /* UserModel.m in Sources */ = {isa = PBXBuildFile; fileRef = 858ED45D296955ED00020239 /* UserModel.m */; };
		858ED461296955F600020239 /* HomeModel.m in Sources */ = {isa = PBXBuildFile; fileRef = 858ED460296955F600020239 /* HomeModel.m */; };
		858ED4642969560800020239 /* UserView.m in Sources */ = {isa = PBXBuildFile; fileRef = 858ED4632969560800020239 /* UserView.m */; };
		858ED4672969561600020239 /* HomeView.m in Sources */ = {isa = PBXBuildFile; fileRef = 858ED4662969561600020239 /* HomeView.m */; };
		858ED46A2969562200020239 /* HomeViewController.m in Sources */ = {isa = PBXBuildFile; fileRef = 858ED4692969562200020239 /* HomeViewController.m */; };
		858ED46D2969562A00020239 /* UserViewController.m in Sources */ = {isa = PBXBuildFile; fileRef = 858ED46C2969562A00020239 /* UserViewController.m */; };
/* End PBXBuildFile section */

/* Begin PBXContainerItemProxy section */
		858ED3FF2966A20500020239 /* PBXContainerItemProxy */ = {
			isa = PBXContainerItemProxy;
			containerPortal = 858ED3DB2966A20300020239 /* Project object */;
			proxyType = 1;
			remoteGlobalIDString = 858ED3E22966A20300020239;
			remoteInfo = "Love Nature";
		};
		858ED4092966A20500020239 /* PBXContainerItemProxy */ = {
			isa = PBXContainerItemProxy;
			containerPortal = 858ED3DB2966A20300020239 /* Project object */;
			proxyType = 1;
			remoteGlobalIDString = 858ED3E22966A20300020239;
			remoteInfo = "Love Nature";
		};
/* End PBXContainerItemProxy section */

/* Begin PBXFileReference section */
		7067F4466D27515D507F6655 /* libPods-Love Nature.a */ = {isa = PBXFileReference; explicitFileType = archive.ar; includeInIndex = 0; path = "libPods-Love Nature.a"; sourceTree = BUILT_PRODUCTS_DIR; };
		714A08C08AB04ABBB3ABC484 /* Pods-Love Nature.debug.xcconfig */ = {isa = PBXFileReference; includeInIndex = 1; lastKnownFileType = text.xcconfig; name = "Pods-Love Nature.debug.xcconfig"; path = "Target Support Files/Pods-Love Nature/Pods-Love Nature.debug.xcconfig"; sourceTree = "<group>"; };
		817CE3D146BD1ADE146F8F91 /* Pods-Love Nature.release.xcconfig */ = {isa = PBXFileReference; includeInIndex = 1; lastKnownFileType = text.xcconfig; name = "Pods-Love Nature.release.xcconfig"; path = "Target Support Files/Pods-Love Nature/Pods-Love Nature.release.xcconfig"; sourceTree = "<group>"; };
		853DF5EA296AB3AE00ACD678 /* UserMainTableViewCell.h */ = {isa = PBXFileReference; lastKnownFileType = sourcecode.c.h; path = UserMainTableViewCell.h; sourceTree = "<group>"; };
		853DF5EB296AB3AE00ACD678 /* UserMainTableViewCell.m */ = {isa = PBXFileReference; lastKnownFileType = sourcecode.c.objc; path = UserMainTableViewCell.m; sourceTree = "<group>"; };
		853DF5EF296AC6B600ACD678 /* placeholderImage.jpg */ = {isa = PBXFileReference; lastKnownFileType = image.jpeg; path = placeholderImage.jpg; sourceTree = "<group>"; };
		853DF5F1296AD08600ACD678 /* UserViewTableViewCell.h */ = {isa = PBXFileReference; lastKnownFileType = sourcecode.c.h; path = UserViewTableViewCell.h; sourceTree = "<group>"; };
		853DF5F2296AD08600ACD678 /* UserViewTableViewCell.m */ = {isa = PBXFileReference; lastKnownFileType = sourcecode.c.objc; path = UserViewTableViewCell.m; sourceTree = "<group>"; };
		853DF6822973D40A00ACD678 /* ShareCircleModel.h */ = {isa = PBXFileReference; lastKnownFileType = sourcecode.c.h; path = ShareCircleModel.h; sourceTree = "<group>"; };
		853DF6832973D40A00ACD678 /* ShareCircleModel.m */ = {isa = PBXFileReference; lastKnownFileType = sourcecode.c.objc; path = ShareCircleModel.m; sourceTree = "<group>"; };
		853DF6852973D42500ACD678 /* ShareCircleView.h */ = {isa = PBXFileReference; lastKnownFileType = sourcecode.c.h; path = ShareCircleView.h; sourceTree = "<group>"; };
		853DF6862973D42500ACD678 /* ShareCircleView.m */ = {isa = PBXFileReference; lastKnownFileType = sourcecode.c.objc; path = ShareCircleView.m; sourceTree = "<group>"; };
		853DF6882973D43200ACD678 /* ShareCircleViewController.h */ = {isa = PBXFileReference; lastKnownFileType = sourcecode.c.h; path = ShareCircleViewController.h; sourceTree = "<group>"; };
		853DF6892973D43200ACD678 /* ShareCircleViewController.m */ = {isa = PBXFileReference; lastKnownFileType = sourcecode.c.objc; path = ShareCircleViewController.m; sourceTree = "<group>"; };
		853DF68C2973DB1300ACD678 /* ShareCricleCollectionViewCell.h */ = {isa = PBXFileReference; lastKnownFileType = sourcecode.c.h; path = ShareCricleCollectionViewCell.h; sourceTree = "<group>"; };
		853DF68D2973DB1300ACD678 /* ShareCricleCollectionViewCell.m */ = {isa = PBXFileReference; lastKnownFileType = sourcecode.c.objc; path = ShareCricleCollectionViewCell.m; sourceTree = "<group>"; };
		853DF68F2973E8F400ACD678 /* sharePlaceImage.jpg */ = {isa = PBXFileReference; lastKnownFileType = image.jpeg; path = sharePlaceImage.jpg; sourceTree = "<group>"; };
		853DF6912973EB6400ACD678 /* molihua.jpeg */ = {isa = PBXFileReference; lastKnownFileType = image.jpeg; path = molihua.jpeg; sourceTree = "<group>"; };
		853DF6942973FBF900ACD678 /* photograph.jpeg */ = {isa = PBXFileReference; lastKnownFileType = image.jpeg; path = photograph.jpeg; sourceTree = "<group>"; };
		853DF69A297406B900ACD678 /* SearchView.h */ = {isa = PBXFileReference; lastKnownFileType = sourcecode.c.h; path = SearchView.h; sourceTree = "<group>"; };
		853DF69B297406B900ACD678 /* SearchView.m */ = {isa = PBXFileReference; lastKnownFileType = sourcecode.c.objc; path = SearchView.m; sourceTree = "<group>"; };
		853DF6A029740AF600ACD678 /* SearchViewController.h */ = {isa = PBXFileReference; lastKnownFileType = sourcecode.c.h; path = SearchViewController.h; sourceTree = "<group>"; };
		853DF6A129740AF600ACD678 /* SearchViewController.m */ = {isa = PBXFileReference; lastKnownFileType = sourcecode.c.objc; path = SearchViewController.m; sourceTree = "<group>"; };
		853DF6A329740DF500ACD678 /* guanbi.png */ = {isa = PBXFileReference; lastKnownFileType = image.png; path = guanbi.png; sourceTree = "<group>"; };
		858ED3E32966A20300020239 /* Love Nature.app */ = {isa = PBXFileReference; explicitFileType = wrapper.application; includeInIndex = 0; path = "Love Nature.app"; sourceTree = BUILT_PRODUCTS_DIR; };
		858ED3E62966A20300020239 /* AppDelegate.h */ = {isa = PBXFileReference; lastKnownFileType = sourcecode.c.h; path = AppDelegate.h; sourceTree = "<group>"; };
		858ED3E72966A20300020239 /* AppDelegate.m */ = {isa = PBXFileReference; lastKnownFileType = sourcecode.c.objc; path = AppDelegate.m; sourceTree = "<group>"; };
		858ED3E92966A20300020239 /* SceneDelegate.h */ = {isa = PBXFileReference; lastKnownFileType = sourcecode.c.h; path = SceneDelegate.h; sourceTree = "<group>"; };
		858ED3EA2966A20300020239 /* SceneDelegate.m */ = {isa = PBXFileReference; lastKnownFileType = sourcecode.c.objc; path = SceneDelegate.m; sourceTree = "<group>"; };
		858ED3F02966A20300020239 /* Base */ = {isa = PBXFileReference; lastKnownFileType = file.storyboard; name = Base; path = Base.lproj/Main.storyboard; sourceTree = "<group>"; };
		858ED3F22966A20500020239 /* Assets.xcassets */ = {isa = PBXFileReference; lastKnownFileType = folder.assetcatalog; path = Assets.xcassets; sourceTree = "<group>"; };
		858ED3F52966A20500020239 /* Base */ = {isa = PBXFileReference; lastKnownFileType = file.storyboard; name = Base; path = Base.lproj/LaunchScreen.storyboard; sourceTree = "<group>"; };
		858ED3F72966A20500020239 /* Info.plist */ = {isa = PBXFileReference; lastKnownFileType = text.plist.xml; path = Info.plist; sourceTree = "<group>"; };
		858ED3F82966A20500020239 /* main.m */ = {isa = PBXFileReference; lastKnownFileType = sourcecode.c.objc; path = main.m; sourceTree = "<group>"; };
		858ED3FE2966A20500020239 /* Love NatureTests.xctest */ = {isa = PBXFileReference; explicitFileType = wrapper.cfbundle; includeInIndex = 0; path = "Love NatureTests.xctest"; sourceTree = BUILT_PRODUCTS_DIR; };
		858ED4022966A20500020239 /* Love_NatureTests.m */ = {isa = PBXFileReference; lastKnownFileType = sourcecode.c.objc; path = Love_NatureTests.m; sourceTree = "<group>"; };
		858ED4082966A20500020239 /* Love NatureUITests.xctest */ = {isa = PBXFileReference; explicitFileType = wrapper.cfbundle; includeInIndex = 0; path = "Love NatureUITests.xctest"; sourceTree = BUILT_PRODUCTS_DIR; };
		858ED40C2966A20500020239 /* Love_NatureUITests.m */ = {isa = PBXFileReference; lastKnownFileType = sourcecode.c.objc; path = Love_NatureUITests.m; sourceTree = "<group>"; };
		858ED40E2966A20500020239 /* Love_NatureUITestsLaunchTests.m */ = {isa = PBXFileReference; lastKnownFileType = sourcecode.c.objc; path = Love_NatureUITestsLaunchTests.m; sourceTree = "<group>"; };
		858ED4222966BE6400020239 /* LoginViewController.h */ = {isa = PBXFileReference; lastKnownFileType = sourcecode.c.h; path = LoginViewController.h; sourceTree = "<group>"; };
		858ED4232966BE6400020239 /* LoginViewController.m */ = {isa = PBXFileReference; lastKnownFileType = sourcecode.c.objc; path = LoginViewController.m; sourceTree = "<group>"; };
		858ED4252966BE7700020239 /* LoginView.h */ = {isa = PBXFileReference; lastKnownFileType = sourcecode.c.h; path = LoginView.h; sourceTree = "<group>"; };
		858ED4262966BE7700020239 /* LoginView.m */ = {isa = PBXFileReference; lastKnownFileType = sourcecode.c.objc; path = LoginView.m; sourceTree = "<group>"; };
		858ED42B2966E27F00020239 /* LoginModel.h */ = {isa = PBXFileReference; lastKnownFileType = sourcecode.c.h; path = LoginModel.h; sourceTree = "<group>"; };
		858ED42C2966E27F00020239 /* LoginModel.m */ = {isa = PBXFileReference; lastKnownFileType = sourcecode.c.objc; path = LoginModel.m; sourceTree = "<group>"; };
		858ED4312968448000020239 /* EnrollModel.h */ = {isa = PBXFileReference; lastKnownFileType = sourcecode.c.h; path = EnrollModel.h; sourceTree = "<group>"; };
		858ED4322968448000020239 /* EnrollModel.m */ = {isa = PBXFileReference; lastKnownFileType = sourcecode.c.objc; path = EnrollModel.m; sourceTree = "<group>"; };
		858ED4342968449200020239 /* EnrollView.h */ = {isa = PBXFileReference; lastKnownFileType = sourcecode.c.h; path = EnrollView.h; sourceTree = "<group>"; };
		858ED4352968449200020239 /* EnrollView.m */ = {isa = PBXFileReference; lastKnownFileType = sourcecode.c.objc; path = EnrollView.m; sourceTree = "<group>"; };
		858ED43A29684DE800020239 /* EnrollViewController.h */ = {isa = PBXFileReference; lastKnownFileType = sourcecode.c.h; path = EnrollViewController.h; sourceTree = "<group>"; };
		858ED43B29684DE800020239 /* EnrollViewController.m */ = {isa = PBXFileReference; lastKnownFileType = sourcecode.c.objc; path = EnrollViewController.m; sourceTree = "<group>"; };
		858ED43D2968562B00020239 /* Manage.h */ = {isa = PBXFileReference; lastKnownFileType = sourcecode.c.h; path = Manage.h; sourceTree = "<group>"; };
		858ED43E2968562B00020239 /* Manage.m */ = {isa = PBXFileReference; lastKnownFileType = sourcecode.c.objc; path = Manage.m; sourceTree = "<group>"; };
		858ED44429685C7800020239 /* 31fanhui1-2.png */ = {isa = PBXFileReference; lastKnownFileType = image.png; path = "31fanhui1-2.png"; sourceTree = "<group>"; };
		858ED44B2969323800020239 /* LoginWithVerCodeView.h */ = {isa = PBXFileReference; lastKnownFileType = sourcecode.c.h; path = LoginWithVerCodeView.h; sourceTree = "<group>"; };
		858ED44C2969323800020239 /* LoginWithVerCodeView.m */ = {isa = PBXFileReference; lastKnownFileType = sourcecode.c.objc; path = LoginWithVerCodeView.m; sourceTree = "<group>"; };
		858ED44E2969324F00020239 /* LoginWithVerCodeViewController.h */ = {isa = PBXFileReference; lastKnownFileType = sourcecode.c.h; path = LoginWithVerCodeViewController.h; sourceTree = "<group>"; };
		858ED44F2969324F00020239 /* LoginWithVerCodeViewController.m */ = {isa = PBXFileReference; lastKnownFileType = sourcecode.c.objc; path = LoginWithVerCodeViewController.m; sourceTree = "<group>"; };
		858ED45C296955ED00020239 /* UserModel.h */ = {isa = PBXFileReference; lastKnownFileType = sourcecode.c.h; path = UserModel.h; sourceTree = "<group>"; };
		858ED45D296955ED00020239 /* UserModel.m */ = {isa = PBXFileReference; lastKnownFileType = sourcecode.c.objc; path = UserModel.m; sourceTree = "<group>"; };
		858ED45F296955F600020239 /* HomeModel.h */ = {isa = PBXFileReference; lastKnownFileType = sourcecode.c.h; path = HomeModel.h; sourceTree = "<group>"; };
		858ED460296955F600020239 /* HomeModel.m */ = {isa = PBXFileReference; lastKnownFileType = sourcecode.c.objc; path = HomeModel.m; sourceTree = "<group>"; };
		858ED4622969560800020239 /* UserView.h */ = {isa = PBXFileReference; lastKnownFileType = sourcecode.c.h; path = UserView.h; sourceTree = "<group>"; };
		858ED4632969560800020239 /* UserView.m */ = {isa = PBXFileReference; lastKnownFileType = sourcecode.c.objc; path = UserView.m; sourceTree = "<group>"; };
		858ED4652969561600020239 /* HomeView.h */ = {isa = PBXFileReference; lastKnownFileType = sourcecode.c.h; path = HomeView.h; sourceTree = "<group>"; };
		858ED4662969561600020239 /* HomeView.m */ = {isa = PBXFileReference; lastKnownFileType = sourcecode.c.objc; path = HomeView.m; sourceTree = "<group>"; };
		858ED4682969562200020239 /* HomeViewController.h */ = {isa = PBXFileReference; lastKnownFileType = sourcecode.c.h; path = HomeViewController.h; sourceTree = "<group>"; };
		858ED4692969562200020239 /* HomeViewController.m */ = {isa = PBXFileReference; lastKnownFileType = sourcecode.c.objc; path = HomeViewController.m; sourceTree = "<group>"; };
		858ED46B2969562A00020239 /* UserViewController.h */ = {isa = PBXFileReference; lastKnownFileType = sourcecode.c.h; path = UserViewController.h; sourceTree = "<group>"; };
		858ED46C2969562A00020239 /* UserViewController.m */ = {isa = PBXFileReference; lastKnownFileType = sourcecode.c.objc; path = UserViewController.m; sourceTree = "<group>"; };
/* End PBXFileReference section */

/* Begin PBXFrameworksBuildPhase section */
		858ED3E02966A20300020239 /* Frameworks */ = {
			isa = PBXFrameworksBuildPhase;
			buildActionMask = 2147483647;
			files = (
				3E3040EC60348C2134B20F74 /* libPods-Love Nature.a in Frameworks */,
			);
			runOnlyForDeploymentPostprocessing = 0;
		};
		858ED3FB2966A20500020239 /* Frameworks */ = {
			isa = PBXFrameworksBuildPhase;
			buildActionMask = 2147483647;
			files = (
			);
			runOnlyForDeploymentPostprocessing = 0;
		};
		858ED4052966A20500020239 /* Frameworks */ = {
			isa = PBXFrameworksBuildPhase;
			buildActionMask = 2147483647;
			files = (
			);
			runOnlyForDeploymentPostprocessing = 0;
		};
/* End PBXFrameworksBuildPhase section */

/* Begin PBXGroup section */
		5204EFB273C003531BB1E758 /* Pods */ = {
			isa = PBXGroup;
			children = (
				714A08C08AB04ABBB3ABC484 /* Pods-Love Nature.debug.xcconfig */,
				817CE3D146BD1ADE146F8F91 /* Pods-Love Nature.release.xcconfig */,
			);
			path = Pods;
			sourceTree = "<group>";
		};
		853DF5E9296AB35900ACD678 /* UserViewTableViewCells */ = {
			isa = PBXGroup;
			children = (
				853DF5EA296AB3AE00ACD678 /* UserMainTableViewCell.h */,
				853DF5EB296AB3AE00ACD678 /* UserMainTableViewCell.m */,
				853DF5F1296AD08600ACD678 /* UserViewTableViewCell.h */,
				853DF5F2296AD08600ACD678 /* UserViewTableViewCell.m */,
			);
			path = UserViewTableViewCells;
			sourceTree = "<group>";
		};
		853DF5ED296AC66C00ACD678 /* Image */ = {
			isa = PBXGroup;
			children = (
				853DF6932973FB9200ACD678 /* New Group */,
				853DF5EE296AC67F00ACD678 /* PlaceholderImage */,
				858ED4412968573800020239 /* Icon */,
			);
			path = Image;
			sourceTree = "<group>";
		};
		853DF5EE296AC67F00ACD678 /* PlaceholderImage */ = {
			isa = PBXGroup;
			children = (
				853DF6912973EB6400ACD678 /* molihua.jpeg */,
				853DF68F2973E8F400ACD678 /* sharePlaceImage.jpg */,
				853DF5EF296AC6B600ACD678 /* placeholderImage.jpg */,
			);
			path = PlaceholderImage;
			sourceTree = "<group>";
		};
		853DF67C2973CFBD00ACD678 /* UserMainInterFace */ = {
			isa = PBXGroup;
			children = (
				858ED457296955AA00020239 /* UserViewController */,
				858ED4562969559E00020239 /* UserView */,
				858ED458296955B500020239 /* UserModel */,
			);
			path = UserMainInterFace;
			sourceTree = "<group>";
		};
		853DF67D2973CFDA00ACD678 /* ShareCircleInterFace */ = {
			isa = PBXGroup;
			children = (
				853DF6812973D36800ACD678 /* ShareCircleModel */,
				853DF6802973D04600ACD678 /* ShareCircleViewController */,
				853DF67F2973D03A00ACD678 /* ShareCircleView */,
			);
			path = ShareCircleInterFace;
			sourceTree = "<group>";
		};
		853DF67F2973D03A00ACD678 /* ShareCircleView */ = {
			isa = PBXGroup;
			children = (
				853DF68B2973DAE400ACD678 /* ShareCricleViewCell */,
				853DF6852973D42500ACD678 /* ShareCircleView.h */,
				853DF6862973D42500ACD678 /* ShareCircleView.m */,
			);
			path = ShareCircleView;
			sourceTree = "<group>";
		};
		853DF6802973D04600ACD678 /* ShareCircleViewController */ = {
			isa = PBXGroup;
			children = (
				853DF6882973D43200ACD678 /* ShareCircleViewController.h */,
				853DF6892973D43200ACD678 /* ShareCircleViewController.m */,
			);
			path = ShareCircleViewController;
			sourceTree = "<group>";
		};
		853DF6812973D36800ACD678 /* ShareCircleModel */ = {
			isa = PBXGroup;
			children = (
				853DF6822973D40A00ACD678 /* ShareCircleModel.h */,
				853DF6832973D40A00ACD678 /* ShareCircleModel.m */,
			);
			path = ShareCircleModel;
			sourceTree = "<group>";
		};
		853DF68B2973DAE400ACD678 /* ShareCricleViewCell */ = {
			isa = PBXGroup;
			children = (
				853DF68C2973DB1300ACD678 /* ShareCricleCollectionViewCell.h */,
				853DF68D2973DB1300ACD678 /* ShareCricleCollectionViewCell.m */,
			);
			path = ShareCricleViewCell;
			sourceTree = "<group>";
		};
		853DF6932973FB9200ACD678 /* New Group */ = {
			isa = PBXGroup;
			children = (
			);
			path = "New Group";
			sourceTree = "<group>";
		};
		853DF6962974032300ACD678 /* HomeMainInterFace */ = {
			isa = PBXGroup;
			children = (
				858ED459296955C100020239 /* HomeView */,
				858ED45A296955CA00020239 /* HomeViewController */,
				858ED45B296955D300020239 /* HomeModel */,
			);
			path = HomeMainInterFace;
			sourceTree = "<group>";
		};
		853DF6972974033E00ACD678 /* SearchInterFace */ = {
			isa = PBXGroup;
			children = (
				853DF6992974035B00ACD678 /* SearchViewController */,
				853DF6982974035100ACD678 /* SearchView */,
			);
			path = SearchInterFace;
			sourceTree = "<group>";
		};
		853DF6982974035100ACD678 /* SearchView */ = {
			isa = PBXGroup;
			children = (
				853DF69A297406B900ACD678 /* SearchView.h */,
				853DF69B297406B900ACD678 /* SearchView.m */,
			);
			path = SearchView;
			sourceTree = "<group>";
		};
		853DF6992974035B00ACD678 /* SearchViewController */ = {
			isa = PBXGroup;
			children = (
				853DF6A029740AF600ACD678 /* SearchViewController.h */,
				853DF6A129740AF600ACD678 /* SearchViewController.m */,
			);
			path = SearchViewController;
			sourceTree = "<group>";
		};
		858ED3DA2966A20300020239 = {
			isa = PBXGroup;
			children = (
				858ED3E52966A20300020239 /* Love Nature */,
				858ED4012966A20500020239 /* Love NatureTests */,
				858ED40B2966A20500020239 /* Love NatureUITests */,
				858ED3E42966A20300020239 /* Products */,
				5204EFB273C003531BB1E758 /* Pods */,
				91AAC9FB09D5A85939CD2655 /* Frameworks */,
			);
			sourceTree = "<group>";
		};
		858ED3E42966A20300020239 /* Products */ = {
			isa = PBXGroup;
			children = (
				858ED3E32966A20300020239 /* Love Nature.app */,
				858ED3FE2966A20500020239 /* Love NatureTests.xctest */,
				858ED4082966A20500020239 /* Love NatureUITests.xctest */,
			);
			name = Products;
			sourceTree = "<group>";
		};
		858ED3E52966A20300020239 /* Love Nature */ = {
			isa = PBXGroup;
			children = (
				853DF67D2973CFDA00ACD678 /* ShareCircleInterFace */,
				853DF5ED296AC66C00ACD678 /* Image */,
				858ED4402968563400020239 /* Manage */,
				858ED45529694EFC00020239 /* UserInterFace */,
				858ED45429694EEB00020239 /* HomeInterFace */,
				858ED41B2966BD1000020239 /* LoginInterFace */,
				858ED3E62966A20300020239 /* AppDelegate.h */,
				858ED3E72966A20300020239 /* AppDelegate.m */,
				858ED3E92966A20300020239 /* SceneDelegate.h */,
				858ED3EA2966A20300020239 /* SceneDelegate.m */,
				858ED3EF2966A20300020239 /* Main.storyboard */,
				858ED3F22966A20500020239 /* Assets.xcassets */,
				858ED3F42966A20500020239 /* LaunchScreen.storyboard */,
				858ED3F72966A20500020239 /* Info.plist */,
				858ED3F82966A20500020239 /* main.m */,
			);
			path = "Love Nature";
			sourceTree = "<group>";
		};
		858ED4012966A20500020239 /* Love NatureTests */ = {
			isa = PBXGroup;
			children = (
				858ED4022966A20500020239 /* Love_NatureTests.m */,
			);
			path = "Love NatureTests";
			sourceTree = "<group>";
		};
		858ED40B2966A20500020239 /* Love NatureUITests */ = {
			isa = PBXGroup;
			children = (
				858ED40C2966A20500020239 /* Love_NatureUITests.m */,
				858ED40E2966A20500020239 /* Love_NatureUITestsLaunchTests.m */,
			);
			path = "Love NatureUITests";
			sourceTree = "<group>";
		};
		858ED41B2966BD1000020239 /* LoginInterFace */ = {
			isa = PBXGroup;
			children = (
				858ED41E2966BDFA00020239 /* Enroll */,
				858ED41D2966BDB200020239 /* Login */,
			);
			path = LoginInterFace;
			sourceTree = "<group>";
		};
		858ED41D2966BDB200020239 /* Login */ = {
			isa = PBXGroup;
			children = (
				858ED41F2966BE2800020239 /* LoginModel */,
				858ED44729692C4F00020239 /* LoginWithVerificationCode */,
				858ED44629692C1500020239 /* LoginWithPassword */,
			);
			path = Login;
			sourceTree = "<group>";
		};
		858ED41E2966BDFA00020239 /* Enroll */ = {
			isa = PBXGroup;
			children = (
				858ED4302968446000020239 /* EnrollModel */,
				858ED42F2968445500020239 /* EnrollView */,
				858ED42E29683A8800020239 /* EnrollController */,
			);
			path = Enroll;
			sourceTree = "<group>";
		};
		858ED41F2966BE2800020239 /* LoginModel */ = {
			isa = PBXGroup;
			children = (
				858ED42B2966E27F00020239 /* LoginModel.h */,
				858ED42C2966E27F00020239 /* LoginModel.m */,
			);
			path = LoginModel;
			sourceTree = "<group>";
		};
		858ED4202966BE3400020239 /* LoginView */ = {
			isa = PBXGroup;
			children = (
				858ED4252966BE7700020239 /* LoginView.h */,
				858ED4262966BE7700020239 /* LoginView.m */,
			);
			path = LoginView;
			sourceTree = "<group>";
		};
		858ED4212966BE3C00020239 /* LoginController */ = {
			isa = PBXGroup;
			children = (
				858ED4222966BE6400020239 /* LoginViewController.h */,
				858ED4232966BE6400020239 /* LoginViewController.m */,
			);
			path = LoginController;
			sourceTree = "<group>";
		};
		858ED42E29683A8800020239 /* EnrollController */ = {
			isa = PBXGroup;
			children = (
				858ED43A29684DE800020239 /* EnrollViewController.h */,
				858ED43B29684DE800020239 /* EnrollViewController.m */,
			);
			path = EnrollController;
			sourceTree = "<group>";
		};
		858ED42F2968445500020239 /* EnrollView */ = {
			isa = PBXGroup;
			children = (
				858ED4342968449200020239 /* EnrollView.h */,
				858ED4352968449200020239 /* EnrollView.m */,
			);
			path = EnrollView;
			sourceTree = "<group>";
		};
		858ED4302968446000020239 /* EnrollModel */ = {
			isa = PBXGroup;
			children = (
				858ED4312968448000020239 /* EnrollModel.h */,
				858ED4322968448000020239 /* EnrollModel.m */,
			);
			path = EnrollModel;
			sourceTree = "<group>";
		};
		858ED4402968563400020239 /* Manage */ = {
			isa = PBXGroup;
			children = (
				858ED43D2968562B00020239 /* Manage.h */,
				858ED43E2968562B00020239 /* Manage.m */,
			);
			path = Manage;
			sourceTree = "<group>";
		};
		858ED4412968573800020239 /* Icon */ = {
			isa = PBXGroup;
			children = (
				858ED44429685C7800020239 /* 31fanhui1-2.png */,
				853DF6942973FBF900ACD678 /* photograph.jpeg */,
				853DF6A329740DF500ACD678 /* guanbi.png */,
			);
			path = Icon;
			sourceTree = "<group>";
		};
		858ED44629692C1500020239 /* LoginWithPassword */ = {
			isa = PBXGroup;
			children = (
				858ED4202966BE3400020239 /* LoginView */,
				858ED4212966BE3C00020239 /* LoginController */,
			);
			path = LoginWithPassword;
			sourceTree = "<group>";
		};
		858ED44729692C4F00020239 /* LoginWithVerificationCode */ = {
			isa = PBXGroup;
			children = (
				858ED449296931FD00020239 /* LoginWithVerCodeViewController */,
				858ED448296931D300020239 /* LoginWithVerCodeView */,
			);
			path = LoginWithVerificationCode;
			sourceTree = "<group>";
		};
		858ED448296931D300020239 /* LoginWithVerCodeView */ = {
			isa = PBXGroup;
			children = (
				858ED44B2969323800020239 /* LoginWithVerCodeView.h */,
				858ED44C2969323800020239 /* LoginWithVerCodeView.m */,
			);
			path = LoginWithVerCodeView;
			sourceTree = "<group>";
		};
		858ED449296931FD00020239 /* LoginWithVerCodeViewController */ = {
			isa = PBXGroup;
			children = (
				858ED44E2969324F00020239 /* LoginWithVerCodeViewController.h */,
				858ED44F2969324F00020239 /* LoginWithVerCodeViewController.m */,
			);
			path = LoginWithVerCodeViewController;
			sourceTree = "<group>";
		};
		858ED45429694EEB00020239 /* HomeInterFace */ = {
			isa = PBXGroup;
			children = (
				853DF6972974033E00ACD678 /* SearchInterFace */,
				853DF6962974032300ACD678 /* HomeMainInterFace */,
			);
			path = HomeInterFace;
			sourceTree = "<group>";
		};
		858ED45529694EFC00020239 /* UserInterFace */ = {
			isa = PBXGroup;
			children = (
				853DF67C2973CFBD00ACD678 /* UserMainInterFace */,
			);
			path = UserInterFace;
			sourceTree = "<group>";
		};
		858ED4562969559E00020239 /* UserView */ = {
			isa = PBXGroup;
			children = (
				853DF5E9296AB35900ACD678 /* UserViewTableViewCells */,
				858ED4622969560800020239 /* UserView.h */,
				858ED4632969560800020239 /* UserView.m */,
			);
			path = UserView;
			sourceTree = "<group>";
		};
		858ED457296955AA00020239 /* UserViewController */ = {
			isa = PBXGroup;
			children = (
				858ED46B2969562A00020239 /* UserViewController.h */,
				858ED46C2969562A00020239 /* UserViewController.m */,
			);
			path = UserViewController;
			sourceTree = "<group>";
		};
		858ED458296955B500020239 /* UserModel */ = {
			isa = PBXGroup;
			children = (
				858ED45C296955ED00020239 /* UserModel.h */,
				858ED45D296955ED00020239 /* UserModel.m */,
			);
			path = UserModel;
			sourceTree = "<group>";
		};
		858ED459296955C100020239 /* HomeView */ = {
			isa = PBXGroup;
			children = (
				858ED4652969561600020239 /* HomeView.h */,
				858ED4662969561600020239 /* HomeView.m */,
			);
			path = HomeView;
			sourceTree = "<group>";
		};
		858ED45A296955CA00020239 /* HomeViewController */ = {
			isa = PBXGroup;
			children = (
				858ED4682969562200020239 /* HomeViewController.h */,
				858ED4692969562200020239 /* HomeViewController.m */,
			);
			path = HomeViewController;
			sourceTree = "<group>";
		};
		858ED45B296955D300020239 /* HomeModel */ = {
			isa = PBXGroup;
			children = (
				858ED45F296955F600020239 /* HomeModel.h */,
				858ED460296955F600020239 /* HomeModel.m */,
			);
			path = HomeModel;
			sourceTree = "<group>";
		};
		91AAC9FB09D5A85939CD2655 /* Frameworks */ = {
			isa = PBXGroup;
			children = (
				7067F4466D27515D507F6655 /* libPods-Love Nature.a */,
			);
			name = Frameworks;
			sourceTree = "<group>";
		};
/* End PBXGroup section */

/* Begin PBXNativeTarget section */
		858ED3E22966A20300020239 /* Love Nature */ = {
			isa = PBXNativeTarget;
			buildConfigurationList = 858ED4122966A20500020239 /* Build configuration list for PBXNativeTarget "Love Nature" */;
			buildPhases = (
				211839F772008B74C2853C38 /* [CP] Check Pods Manifest.lock */,
				858ED3DF2966A20300020239 /* Sources */,
				858ED3E02966A20300020239 /* Frameworks */,
				858ED3E12966A20300020239 /* Resources */,
			);
			buildRules = (
			);
			dependencies = (
			);
			name = "Love Nature";
			productName = "Love Nature";
			productReference = 858ED3E32966A20300020239 /* Love Nature.app */;
			productType = "com.apple.product-type.application";
		};
		858ED3FD2966A20500020239 /* Love NatureTests */ = {
			isa = PBXNativeTarget;
			buildConfigurationList = 858ED4152966A20500020239 /* Build configuration list for PBXNativeTarget "Love NatureTests" */;
			buildPhases = (
				858ED3FA2966A20500020239 /* Sources */,
				858ED3FB2966A20500020239 /* Frameworks */,
				858ED3FC2966A20500020239 /* Resources */,
			);
			buildRules = (
			);
			dependencies = (
				858ED4002966A20500020239 /* PBXTargetDependency */,
			);
			name = "Love NatureTests";
			productName = "Love NatureTests";
			productReference = 858ED3FE2966A20500020239 /* Love NatureTests.xctest */;
			productType = "com.apple.product-type.bundle.unit-test";
		};
		858ED4072966A20500020239 /* Love NatureUITests */ = {
			isa = PBXNativeTarget;
			buildConfigurationList = 858ED4182966A20500020239 /* Build configuration list for PBXNativeTarget "Love NatureUITests" */;
			buildPhases = (
				858ED4042966A20500020239 /* Sources */,
				858ED4052966A20500020239 /* Frameworks */,
				858ED4062966A20500020239 /* Resources */,
			);
			buildRules = (
			);
			dependencies = (
				858ED40A2966A20500020239 /* PBXTargetDependency */,
			);
			name = "Love NatureUITests";
			productName = "Love NatureUITests";
			productReference = 858ED4082966A20500020239 /* Love NatureUITests.xctest */;
			productType = "com.apple.product-type.bundle.ui-testing";
		};
/* End PBXNativeTarget section */

/* Begin PBXProject section */
		858ED3DB2966A20300020239 /* Project object */ = {
			isa = PBXProject;
			attributes = {
				BuildIndependentTargetsInParallel = 1;
				LastUpgradeCheck = 1330;
				TargetAttributes = {
					858ED3E22966A20300020239 = {
						CreatedOnToolsVersion = 13.3.1;
					};
					858ED3FD2966A20500020239 = {
						CreatedOnToolsVersion = 13.3.1;
						TestTargetID = 858ED3E22966A20300020239;
					};
					858ED4072966A20500020239 = {
						CreatedOnToolsVersion = 13.3.1;
						TestTargetID = 858ED3E22966A20300020239;
					};
				};
			};
			buildConfigurationList = 858ED3DE2966A20300020239 /* Build configuration list for PBXProject "Love Nature" */;
			compatibilityVersion = "Xcode 13.0";
			developmentRegion = en;
			hasScannedForEncodings = 0;
			knownRegions = (
				en,
				Base,
			);
			mainGroup = 858ED3DA2966A20300020239;
			productRefGroup = 858ED3E42966A20300020239 /* Products */;
			projectDirPath = "";
			projectRoot = "";
			targets = (
				858ED3E22966A20300020239 /* Love Nature */,
				858ED3FD2966A20500020239 /* Love NatureTests */,
				858ED4072966A20500020239 /* Love NatureUITests */,
			);
		};
/* End PBXProject section */

/* Begin PBXResourcesBuildPhase section */
		858ED3E12966A20300020239 /* Resources */ = {
			isa = PBXResourcesBuildPhase;
			buildActionMask = 2147483647;
			files = (
				858ED3F62966A20500020239 /* LaunchScreen.storyboard in Resources */,
				853DF6A429740DF500ACD678 /* guanbi.png in Resources */,
				858ED44529685C7800020239 /* 31fanhui1-2.png in Resources */,
				853DF6952973FBF900ACD678 /* photograph.jpeg in Resources */,
				853DF5F0296AC6B600ACD678 /* placeholderImage.jpg in Resources */,
				858ED3F32966A20500020239 /* Assets.xcassets in Resources */,
				853DF6922973EB6400ACD678 /* molihua.jpeg in Resources */,
				853DF6902973E8F400ACD678 /* sharePlaceImage.jpg in Resources */,
				858ED3F12966A20300020239 /* Main.storyboard in Resources */,
			);
			runOnlyForDeploymentPostprocessing = 0;
		};
		858ED3FC2966A20500020239 /* Resources */ = {
			isa = PBXResourcesBuildPhase;
			buildActionMask = 2147483647;
			files = (
			);
			runOnlyForDeploymentPostprocessing = 0;
		};
		858ED4062966A20500020239 /* Resources */ = {
			isa = PBXResourcesBuildPhase;
			buildActionMask = 2147483647;
			files = (
			);
			runOnlyForDeploymentPostprocessing = 0;
		};
/* End PBXResourcesBuildPhase section */

/* Begin PBXShellScriptBuildPhase section */
		211839F772008B74C2853C38 /* [CP] Check Pods Manifest.lock */ = {
			isa = PBXShellScriptBuildPhase;
			buildActionMask = 2147483647;
			files = (
			);
			inputFileListPaths = (
			);
			inputPaths = (
				"${PODS_PODFILE_DIR_PATH}/Podfile.lock",
				"${PODS_ROOT}/Manifest.lock",
			);
			name = "[CP] Check Pods Manifest.lock";
			outputFileListPaths = (
			);
			outputPaths = (
				"$(DERIVED_FILE_DIR)/Pods-Love Nature-checkManifestLockResult.txt",
			);
			runOnlyForDeploymentPostprocessing = 0;
			shellPath = /bin/sh;
			shellScript = "diff \"${PODS_PODFILE_DIR_PATH}/Podfile.lock\" \"${PODS_ROOT}/Manifest.lock\" > /dev/null\nif [ $? != 0 ] ; then\n    # print error to STDERR\n    echo \"error: The sandbox is not in sync with the Podfile.lock. Run 'pod install' or update your CocoaPods installation.\" >&2\n    exit 1\nfi\n# This output is used by Xcode 'outputs' to avoid re-running this script phase.\necho \"SUCCESS\" > \"${SCRIPT_OUTPUT_FILE_0}\"\n";
			showEnvVarsInLog = 0;
		};
/* End PBXShellScriptBuildPhase section */

/* Begin PBXSourcesBuildPhase section */
		858ED3DF2966A20300020239 /* Sources */ = {
			isa = PBXSourcesBuildPhase;
			buildActionMask = 2147483647;
			files = (
				853DF6842973D40A00ACD678 /* ShareCircleModel.m in Sources */,
				858ED46D2969562A00020239 /* UserViewController.m in Sources */,
				858ED4272966BE7700020239 /* LoginView.m in Sources */,
				858ED43F2968562B00020239 /* Manage.m in Sources */,
				858ED45E296955ED00020239 /* UserModel.m in Sources */,
				858ED3E82966A20300020239 /* AppDelegate.m in Sources */,
				853DF68E2973DB1300ACD678 /* ShareCricleCollectionViewCell.m in Sources */,
				858ED46A2969562200020239 /* HomeViewController.m in Sources */,
				853DF69C297406B900ACD678 /* SearchView.m in Sources */,
				858ED461296955F600020239 /* HomeModel.m in Sources */,
				853DF5F3296AD08600ACD678 /* UserViewTableViewCell.m in Sources */,
				858ED3F92966A20500020239 /* main.m in Sources */,
				858ED44D2969323800020239 /* LoginWithVerCodeView.m in Sources */,
				858ED43C29684DE800020239 /* EnrollViewController.m in Sources */,
				853DF6A229740AF600ACD678 /* SearchViewController.m in Sources */,
				858ED3EB2966A20300020239 /* SceneDelegate.m in Sources */,
				858ED4332968448000020239 /* EnrollModel.m in Sources */,
				853DF6872973D42500ACD678 /* ShareCircleView.m in Sources */,
				858ED4242966BE6400020239 /* LoginViewController.m in Sources */,
				858ED42D2966E27F00020239 /* LoginModel.m in Sources */,
				858ED4502969324F00020239 /* LoginWithVerCodeViewController.m in Sources */,
				853DF5EC296AB3AE00ACD678 /* UserMainTableViewCell.m in Sources */,
				853DF68A2973D43200ACD678 /* ShareCircleViewController.m in Sources */,
				858ED4362968449200020239 /* EnrollView.m in Sources */,
				858ED4672969561600020239 /* HomeView.m in Sources */,
				858ED4642969560800020239 /* UserView.m in Sources */,
			);
			runOnlyForDeploymentPostprocessing = 0;
		};
		858ED3FA2966A20500020239 /* Sources */ = {
			isa = PBXSourcesBuildPhase;
			buildActionMask = 2147483647;
			files = (
				858ED4032966A20500020239 /* Love_NatureTests.m in Sources */,
			);
			runOnlyForDeploymentPostprocessing = 0;
		};
		858ED4042966A20500020239 /* Sources */ = {
			isa = PBXSourcesBuildPhase;
			buildActionMask = 2147483647;
			files = (
				858ED40D2966A20500020239 /* Love_NatureUITests.m in Sources */,
				858ED40F2966A20500020239 /* Love_NatureUITestsLaunchTests.m in Sources */,
			);
			runOnlyForDeploymentPostprocessing = 0;
		};
/* End PBXSourcesBuildPhase section */

/* Begin PBXTargetDependency section */
		858ED4002966A20500020239 /* PBXTargetDependency */ = {
			isa = PBXTargetDependency;
			target = 858ED3E22966A20300020239 /* Love Nature */;
			targetProxy = 858ED3FF2966A20500020239 /* PBXContainerItemProxy */;
		};
		858ED40A2966A20500020239 /* PBXTargetDependency */ = {
			isa = PBXTargetDependency;
			target = 858ED3E22966A20300020239 /* Love Nature */;
			targetProxy = 858ED4092966A20500020239 /* PBXContainerItemProxy */;
		};
/* End PBXTargetDependency section */

/* Begin PBXVariantGroup section */
		858ED3EF2966A20300020239 /* Main.storyboard */ = {
			isa = PBXVariantGroup;
			children = (
				858ED3F02966A20300020239 /* Base */,
			);
			name = Main.storyboard;
			sourceTree = "<group>";
		};
		858ED3F42966A20500020239 /* LaunchScreen.storyboard */ = {
			isa = PBXVariantGroup;
			children = (
				858ED3F52966A20500020239 /* Base */,
			);
			name = LaunchScreen.storyboard;
			sourceTree = "<group>";
		};
/* End PBXVariantGroup section */

/* Begin XCBuildConfiguration section */
		858ED4102966A20500020239 /* Debug */ = {
			isa = XCBuildConfiguration;
			buildSettings = {
				ALWAYS_SEARCH_USER_PATHS = NO;
				CLANG_ANALYZER_NONNULL = YES;
				CLANG_ANALYZER_NUMBER_OBJECT_CONVERSION = YES_AGGRESSIVE;
				CLANG_CXX_LANGUAGE_STANDARD = "gnu++17";
				CLANG_ENABLE_MODULES = YES;
				CLANG_ENABLE_OBJC_ARC = YES;
				CLANG_ENABLE_OBJC_WEAK = YES;
				CLANG_WARN_BLOCK_CAPTURE_AUTORELEASING = YES;
				CLANG_WARN_BOOL_CONVERSION = YES;
				CLANG_WARN_COMMA = YES;
				CLANG_WARN_CONSTANT_CONVERSION = YES;
				CLANG_WARN_DEPRECATED_OBJC_IMPLEMENTATIONS = YES;
				CLANG_WARN_DIRECT_OBJC_ISA_USAGE = YES_ERROR;
				CLANG_WARN_DOCUMENTATION_COMMENTS = YES;
				CLANG_WARN_EMPTY_BODY = YES;
				CLANG_WARN_ENUM_CONVERSION = YES;
				CLANG_WARN_INFINITE_RECURSION = YES;
				CLANG_WARN_INT_CONVERSION = YES;
				CLANG_WARN_NON_LITERAL_NULL_CONVERSION = YES;
				CLANG_WARN_OBJC_IMPLICIT_RETAIN_SELF = YES;
				CLANG_WARN_OBJC_LITERAL_CONVERSION = YES;
				CLANG_WARN_OBJC_ROOT_CLASS = YES_ERROR;
				CLANG_WARN_QUOTED_INCLUDE_IN_FRAMEWORK_HEADER = YES;
				CLANG_WARN_RANGE_LOOP_ANALYSIS = YES;
				CLANG_WARN_STRICT_PROTOTYPES = YES;
				CLANG_WARN_SUSPICIOUS_MOVE = YES;
				CLANG_WARN_UNGUARDED_AVAILABILITY = YES_AGGRESSIVE;
				CLANG_WARN_UNREACHABLE_CODE = YES;
				CLANG_WARN__DUPLICATE_METHOD_MATCH = YES;
				COPY_PHASE_STRIP = NO;
				DEBUG_INFORMATION_FORMAT = dwarf;
				ENABLE_STRICT_OBJC_MSGSEND = YES;
				ENABLE_TESTABILITY = YES;
				GCC_C_LANGUAGE_STANDARD = gnu11;
				GCC_DYNAMIC_NO_PIC = NO;
				GCC_NO_COMMON_BLOCKS = YES;
				GCC_OPTIMIZATION_LEVEL = 0;
				GCC_PREPROCESSOR_DEFINITIONS = (
					"DEBUG=1",
					"$(inherited)",
				);
				GCC_WARN_64_TO_32_BIT_CONVERSION = YES;
				GCC_WARN_ABOUT_RETURN_TYPE = YES_ERROR;
				GCC_WARN_UNDECLARED_SELECTOR = YES;
				GCC_WARN_UNINITIALIZED_AUTOS = YES_AGGRESSIVE;
				GCC_WARN_UNUSED_FUNCTION = YES;
				GCC_WARN_UNUSED_VARIABLE = YES;
				IPHONEOS_DEPLOYMENT_TARGET = 15.4;
				MTL_ENABLE_DEBUG_INFO = INCLUDE_SOURCE;
				MTL_FAST_MATH = YES;
				ONLY_ACTIVE_ARCH = YES;
				SDKROOT = iphoneos;
			};
			name = Debug;
		};
		858ED4112966A20500020239 /* Release */ = {
			isa = XCBuildConfiguration;
			buildSettings = {
				ALWAYS_SEARCH_USER_PATHS = NO;
				CLANG_ANALYZER_NONNULL = YES;
				CLANG_ANALYZER_NUMBER_OBJECT_CONVERSION = YES_AGGRESSIVE;
				CLANG_CXX_LANGUAGE_STANDARD = "gnu++17";
				CLANG_ENABLE_MODULES = YES;
				CLANG_ENABLE_OBJC_ARC = YES;
				CLANG_ENABLE_OBJC_WEAK = YES;
				CLANG_WARN_BLOCK_CAPTURE_AUTORELEASING = YES;
				CLANG_WARN_BOOL_CONVERSION = YES;
				CLANG_WARN_COMMA = YES;
				CLANG_WARN_CONSTANT_CONVERSION = YES;
				CLANG_WARN_DEPRECATED_OBJC_IMPLEMENTATIONS = YES;
				CLANG_WARN_DIRECT_OBJC_ISA_USAGE = YES_ERROR;
				CLANG_WARN_DOCUMENTATION_COMMENTS = YES;
				CLANG_WARN_EMPTY_BODY = YES;
				CLANG_WARN_ENUM_CONVERSION = YES;
				CLANG_WARN_INFINITE_RECURSION = YES;
				CLANG_WARN_INT_CONVERSION = YES;
				CLANG_WARN_NON_LITERAL_NULL_CONVERSION = YES;
				CLANG_WARN_OBJC_IMPLICIT_RETAIN_SELF = YES;
				CLANG_WARN_OBJC_LITERAL_CONVERSION = YES;
				CLANG_WARN_OBJC_ROOT_CLASS = YES_ERROR;
				CLANG_WARN_QUOTED_INCLUDE_IN_FRAMEWORK_HEADER = YES;
				CLANG_WARN_RANGE_LOOP_ANALYSIS = YES;
				CLANG_WARN_STRICT_PROTOTYPES = YES;
				CLANG_WARN_SUSPICIOUS_MOVE = YES;
				CLANG_WARN_UNGUARDED_AVAILABILITY = YES_AGGRESSIVE;
				CLANG_WARN_UNREACHABLE_CODE = YES;
				CLANG_WARN__DUPLICATE_METHOD_MATCH = YES;
				COPY_PHASE_STRIP = NO;
				DEBUG_INFORMATION_FORMAT = "dwarf-with-dsym";
				ENABLE_NS_ASSERTIONS = NO;
				ENABLE_STRICT_OBJC_MSGSEND = YES;
				GCC_C_LANGUAGE_STANDARD = gnu11;
				GCC_NO_COMMON_BLOCKS = YES;
				GCC_WARN_64_TO_32_BIT_CONVERSION = YES;
				GCC_WARN_ABOUT_RETURN_TYPE = YES_ERROR;
				GCC_WARN_UNDECLARED_SELECTOR = YES;
				GCC_WARN_UNINITIALIZED_AUTOS = YES_AGGRESSIVE;
				GCC_WARN_UNUSED_FUNCTION = YES;
				GCC_WARN_UNUSED_VARIABLE = YES;
				IPHONEOS_DEPLOYMENT_TARGET = 15.4;
				MTL_ENABLE_DEBUG_INFO = NO;
				MTL_FAST_MATH = YES;
				SDKROOT = iphoneos;
				VALIDATE_PRODUCT = YES;
			};
			name = Release;
		};
		858ED4132966A20500020239 /* Debug */ = {
			isa = XCBuildConfiguration;
			baseConfigurationReference = 714A08C08AB04ABBB3ABC484 /* Pods-Love Nature.debug.xcconfig */;
			buildSettings = {
				ASSETCATALOG_COMPILER_APPICON_NAME = AppIcon;
				ASSETCATALOG_COMPILER_GLOBAL_ACCENT_COLOR_NAME = AccentColor;
				CODE_SIGN_STYLE = Automatic;
				CURRENT_PROJECT_VERSION = 1;
				GENERATE_INFOPLIST_FILE = YES;
				INFOPLIST_FILE = "Love Nature/Info.plist";
				INFOPLIST_KEY_UIApplicationSupportsIndirectInputEvents = YES;
				INFOPLIST_KEY_UILaunchStoryboardName = LaunchScreen;
				INFOPLIST_KEY_UIMainStoryboardFile = Main;
				INFOPLIST_KEY_UISupportedInterfaceOrientations_iPad = "UIInterfaceOrientationPortrait UIInterfaceOrientationPortraitUpsideDown UIInterfaceOrientationLandscapeLeft UIInterfaceOrientationLandscapeRight";
				INFOPLIST_KEY_UISupportedInterfaceOrientations_iPhone = "UIInterfaceOrientationPortrait UIInterfaceOrientationLandscapeLeft UIInterfaceOrientationLandscapeRight";
				LD_RUNPATH_SEARCH_PATHS = (
					"$(inherited)",
					"@executable_path/Frameworks",
				);
				MARKETING_VERSION = 1.0;
				PRODUCT_BUNDLE_IDENTIFIER = "note.Love-Nature";
				PRODUCT_NAME = "$(TARGET_NAME)";
				SWIFT_EMIT_LOC_STRINGS = YES;
				TARGETED_DEVICE_FAMILY = "1,2";
			};
			name = Debug;
		};
		858ED4142966A20500020239 /* Release */ = {
			isa = XCBuildConfiguration;
			baseConfigurationReference = 817CE3D146BD1ADE146F8F91 /* Pods-Love Nature.release.xcconfig */;
			buildSettings = {
				ASSETCATALOG_COMPILER_APPICON_NAME = AppIcon;
				ASSETCATALOG_COMPILER_GLOBAL_ACCENT_COLOR_NAME = AccentColor;
				CODE_SIGN_STYLE = Automatic;
				CURRENT_PROJECT_VERSION = 1;
				GENERATE_INFOPLIST_FILE = YES;
				INFOPLIST_FILE = "Love Nature/Info.plist";
				INFOPLIST_KEY_UIApplicationSupportsIndirectInputEvents = YES;
				INFOPLIST_KEY_UILaunchStoryboardName = LaunchScreen;
				INFOPLIST_KEY_UIMainStoryboardFile = Main;
				INFOPLIST_KEY_UISupportedInterfaceOrientations_iPad = "UIInterfaceOrientationPortrait UIInterfaceOrientationPortraitUpsideDown UIInterfaceOrientationLandscapeLeft UIInterfaceOrientationLandscapeRight";
				INFOPLIST_KEY_UISupportedInterfaceOrientations_iPhone = "UIInterfaceOrientationPortrait UIInterfaceOrientationLandscapeLeft UIInterfaceOrientationLandscapeRight";
				LD_RUNPATH_SEARCH_PATHS = (
					"$(inherited)",
					"@executable_path/Frameworks",
				);
				MARKETING_VERSION = 1.0;
				PRODUCT_BUNDLE_IDENTIFIER = "note.Love-Nature";
				PRODUCT_NAME = "$(TARGET_NAME)";
				SWIFT_EMIT_LOC_STRINGS = YES;
				TARGETED_DEVICE_FAMILY = "1,2";
			};
			name = Release;
		};
		858ED4162966A20500020239 /* Debug */ = {
			isa = XCBuildConfiguration;
			buildSettings = {
				BUNDLE_LOADER = "$(TEST_HOST)";
				CODE_SIGN_STYLE = Automatic;
				CURRENT_PROJECT_VERSION = 1;
				GENERATE_INFOPLIST_FILE = YES;
				IPHONEOS_DEPLOYMENT_TARGET = 15.4;
				MARKETING_VERSION = 1.0;
				PRODUCT_BUNDLE_IDENTIFIER = "note.Love-NatureTests";
				PRODUCT_NAME = "$(TARGET_NAME)";
				SWIFT_EMIT_LOC_STRINGS = NO;
				TARGETED_DEVICE_FAMILY = "1,2";
				TEST_HOST = "$(BUILT_PRODUCTS_DIR)/Love Nature.app/Love Nature";
			};
			name = Debug;
		};
		858ED4172966A20500020239 /* Release */ = {
			isa = XCBuildConfiguration;
			buildSettings = {
				BUNDLE_LOADER = "$(TEST_HOST)";
				CODE_SIGN_STYLE = Automatic;
				CURRENT_PROJECT_VERSION = 1;
				GENERATE_INFOPLIST_FILE = YES;
				IPHONEOS_DEPLOYMENT_TARGET = 15.4;
				MARKETING_VERSION = 1.0;
				PRODUCT_BUNDLE_IDENTIFIER = "note.Love-NatureTests";
				PRODUCT_NAME = "$(TARGET_NAME)";
				SWIFT_EMIT_LOC_STRINGS = NO;
				TARGETED_DEVICE_FAMILY = "1,2";
				TEST_HOST = "$(BUILT_PRODUCTS_DIR)/Love Nature.app/Love Nature";
			};
			name = Release;
		};
		858ED4192966A20500020239 /* Debug */ = {
			isa = XCBuildConfiguration;
			buildSettings = {
				CODE_SIGN_STYLE = Automatic;
				CURRENT_PROJECT_VERSION = 1;
				GENERATE_INFOPLIST_FILE = YES;
				MARKETING_VERSION = 1.0;
				PRODUCT_BUNDLE_IDENTIFIER = "note.Love-NatureUITests";
				PRODUCT_NAME = "$(TARGET_NAME)";
				SWIFT_EMIT_LOC_STRINGS = NO;
				TARGETED_DEVICE_FAMILY = "1,2";
				TEST_TARGET_NAME = "Love Nature";
			};
			name = Debug;
		};
		858ED41A2966A20500020239 /* Release */ = {
			isa = XCBuildConfiguration;
			buildSettings = {
				CODE_SIGN_STYLE = Automatic;
				CURRENT_PROJECT_VERSION = 1;
				GENERATE_INFOPLIST_FILE = YES;
				MARKETING_VERSION = 1.0;
				PRODUCT_BUNDLE_IDENTIFIER = "note.Love-NatureUITests";
				PRODUCT_NAME = "$(TARGET_NAME)";
				SWIFT_EMIT_LOC_STRINGS = NO;
				TARGETED_DEVICE_FAMILY = "1,2";
				TEST_TARGET_NAME = "Love Nature";
			};
			name = Release;
		};
/* End XCBuildConfiguration section */

/* Begin XCConfigurationList section */
		858ED3DE2966A20300020239 /* Build configuration list for PBXProject "Love Nature" */ = {
			isa = XCConfigurationList;
			buildConfigurations = (
				858ED4102966A20500020239 /* Debug */,
				858ED4112966A20500020239 /* Release */,
			);
			defaultConfigurationIsVisible = 0;
			defaultConfigurationName = Release;
		};
		858ED4122966A20500020239 /* Build configuration list for PBXNativeTarget "Love Nature" */ = {
			isa = XCConfigurationList;
			buildConfigurations = (
				858ED4132966A20500020239 /* Debug */,
				858ED4142966A20500020239 /* Release */,
			);
			defaultConfigurationIsVisible = 0;
			defaultConfigurationName = Release;
		};
		858ED4152966A20500020239 /* Build configuration list for PBXNativeTarget "Love NatureTests" */ = {
			isa = XCConfigurationList;
			buildConfigurations = (
				858ED4162966A20500020239 /* Debug */,
				858ED4172966A20500020239 /* Release */,
			);
			defaultConfigurationIsVisible = 0;
			defaultConfigurationName = Release;
		};
		858ED4182966A20500020239 /* Build configuration list for PBXNativeTarget "Love NatureUITests" */ = {
			isa = XCConfigurationList;
			buildConfigurations = (
				858ED4192966A20500020239 /* Debug */,
				858ED41A2966A20500020239 /* Release */,
			);
			defaultConfigurationIsVisible = 0;
			defaultConfigurationName = Release;
		};
/* End XCConfigurationList section */
	};
	rootObject = 858ED3DB2966A20300020239 /* Project object */;
}
